PODS:
  - Flutter (1.0.0)
  - flutter_sound (0.0.1):
    - Flutter

DEPENDENCIES:
  - Flutter (from `.symlinks/flutter/ios`)
  - flutter_sound (from `.symlinks/plugins/flutter_sound/ios`)

EXTERNAL SOURCES:
  Flutter:
    :path: ".symlinks/flutter/ios"
  flutter_sound:
    :path: ".symlinks/plugins/flutter_sound/ios"

SPEC CHECKSUMS:
  Flutter: 0e3d915762c693b495b44d77113d4970485de6ec
  flutter_sound: 0e8163ceac1e00eb6d894e2ae4641ba726a2c479

PODFILE CHECKSUM: 1e5af4103afd21ca5ead147d7b81d06f494f51a2

COCOAPODS: 1.7.5
